<?xml version="1.0" encoding="utf-8"?>
<Project ToolsVersion="4.0" xmlns="http://schemas.microsoft.com/developer/msbuild/2003">
  <ItemGroup>
    <Filter Include="Source Files">
      <UniqueIdentifier>{4FC737F1-C7A5-4376-A066-2A32D752A2FF}</UniqueIdentifier>
      <Extensions>cpp;c;cc;cxx;def;odl;idl;hpj;bat;asm;asmx</Extensions>
    </Filter>
    <Filter Include="Header Files">
      <UniqueIdentifier>{93995380-89BD-4b04-88EB-625FBE52EBFB}</UniqueIdentifier>
      <Extensions>h;hh;hpp;hxx;hm;inl;inc;ipp;xsd</Extensions>
    </Filter>
    <Filter Include="Resource Files">
      <UniqueIdentifier>{67DA6AB6-F800-4c08-8B7A-83BB121AAD01}</UniqueIdentifier>
      <Extensions>rc;ico;cur;bmp;dlg;rc2;rct;bin;rgs;gif;jpg;jpeg;jpe;resx;tiff;tif;png;wav;mfcribbon-ms</Extensions>
    </Filter>
    <Filter Include="Header Files\Products">
      <UniqueIdentifier>{451b5b4b-c016-4346-906e-3fc4e9627306}</UniqueIdentifier>
    </Filter>
    <Filter Include="Source Files\Products">
      <UniqueIdentifier>{64fe9689-a1ed-43aa-a906-f359893451ee}</UniqueIdentifier>
    </Filter>
    <Filter Include="Header Files\Roles">
      <UniqueIdentifier>{676fe1da-26f8-40e9-bb7f-4f0e27188ded}</UniqueIdentifier>
    </Filter>
    <Filter Include="Source Files\Roles">
      <UniqueIdentifier>{d6157229-34d1-49d8-ba09-280193fc65ba}</UniqueIdentifier>
    </Filter>
  </ItemGroup>
  <ItemGroup>
    <ClCompile Include="Source.cpp">
      <Filter>Source Files</Filter>
    </ClCompile>
    <ClCompile Include="Product.cpp">
      <Filter>Source Files\Products</Filter>
    </ClCompile>
    <ClCompile Include="ProductContext.cpp">
      <Filter>Source Files\Products</Filter>
    </ClCompile>
    <ClCompile Include="..\..\..\..\..\I%27am\source\repos\StockAccountingConsole\StockAccountingConsole\Admin.cpp">
      <Filter>Source Files\Roles</Filter>
    </ClCompile>
    <ClCompile Include="..\..\..\..\..\I%27am\source\repos\StockAccountingConsole\StockAccountingConsole\User.cpp">
      <Filter>Source Files\Roles</Filter>
    </ClCompile>
  </ItemGroup>
  <ItemGroup>
    <ClInclude Include="Product.h">
      <Filter>Header Files\Products</Filter>
    </ClInclude>
    <ClInclude Include="ProductContext.h">
      <Filter>Header Files\Products</Filter>
    </ClInclude>
    <ClInclude Include="..\..\..\..\..\I%27am\source\repos\StockAccountingConsole\StockAccountingConsole\Admin.h">
      <Filter>Header Files\Roles</Filter>
    </ClInclude>
    <ClInclude Include="..\..\..\..\..\I%27am\source\repos\StockAccountingConsole\StockAccountingConsole\User.h">
      <Filter>Header Files\Roles</Filter>
    </ClInclude>
  </ItemGroup>
</Project>